
Microsoft Visual Studio Solution File, Format Version 12.00
# Visual Studio Version 17
VisualStudioVersion = 17.3.32825.248
MinimumVisualStudioVersion = 10.0.40219.1
Project("{8BC9CEB8-8B4A-11D0-8D11-00A0C91BC942}") = "ternarnyOperation", "ternarnyOperation.vcxproj", "{591FF0E8-E4F0-4ACD-ABAF-FB5822F6C2BA}"
EndProject
Global
	GlobalSection(SolutionConfigurationPlatforms) = preSolution
		Debug|x64 = Debug|x64
		Debug|x86 = Debug|x86
		Release|x64 = Release|x64
		Release|x86 = Release|x86
	EndGlobalSection
	GlobalSection(ProjectConfigurationPlatforms) = postSolution
		{591FF0E8-E4F0-4ACD-ABAF-FB5822F6C2BA}.Debug|x64.ActiveCfg = Debug|x64
		{591FF0E8-E4F0-4ACD-ABAF-FB5822F6C2BA}.Debug|x64.Build.0 = Debug|x64
		{591FF0E8-E4F0-4ACD-ABAF-FB5822F6C2BA}.Debug|x86.ActiveCfg = Debug|Win32
		{591FF0E8-E4F0-4ACD-ABAF-FB5822F6C2BA}.Debug|x86.Build.0 = Debug|Win32
		{591FF0E8-E4F0-4ACD-ABAF-FB5822F6C2BA}.Release|x64.ActiveCfg = Release|x64
		{591FF0E8-E4F0-4ACD-ABAF-FB5822F6C2BA}.Release|x64.Build.0 = Release|x64
		{591FF0E8-E4F0-4ACD-ABAF-FB5822F6C2BA}.Release|x86.ActiveCfg = Release|Win32
		{591FF0E8-E4F0-4ACD-ABAF-FB5822F6C2BA}.Release|x86.Build.0 = Release|Win32
	EndGlobalSection
	GlobalSection(SolutionProperties) = preSolution
		HideSolutionNode = FALSE
	EndGlobalSection
	GlobalSection(ExtensibilityGlobals) = postSolution
		SolutionGuid = {5B38580B-6D9A-4385-B2AC-38D22EA550D5}
	EndGlobalSection
EndGlobal
